{
  "requires": true,
  "lockfileVersion": 1,
  "dependencies": {
    "tslib": {
      "version": "1.14.1",
      "resolved": "https://registry.npmjs.org/tslib/-/tslib-1.14.1.tgz",
      "integrity": "sha512-Xni35NKzjgMrwevysHTCArtLDpPvye8zV/0E4EyYn43P7/7qvQwPh9BGkHewbMulVntbigmcT7rdX3BNo9wRJg=="
    },
    "xng-breadcrumb": {
      "version": "5.0.1",
      "resolved": "https://registry.npmjs.org/xng-breadcrumb/-/xng-breadcrumb-5.0.1.tgz",
      "integrity": "sha512-yi+Fm7AYA/B327xPSLIuRkkwrAZCq65dJPWqvdluxjB0LbzOLLGnU5bL9RsCabVEvSZXMnNGfaoY2wNm3Pt4Pw==",
      "requires": {
        "tslib": "^1.9.0"
      }
    }
  }
}
